
Microsoft Visual Studio Solution File, Format Version 12.00
# Visual Studio Version 16
VisualStudioVersion = 16.0.31205.134
MinimumVisualStudioVersion = 10.0.40219.1
Project("{FAE04EC0-301F-11D3-BF4B-00C04F79EFBC}") = "EventDemo", "Zadatak 4\EventDemo.csproj", "{59E372BC-A1E6-4044-BEEA-48D6FAD6A854}"
EndProject
Project("{FAE04EC0-301F-11D3-BF4B-00C04F79EFBC}") = "Zadatak 2", "Zadatak 2\Zadatak 2.csproj", "{3E4870EB-7302-404F-B39D-F522CDFE3F0A}"
EndProject
Global
	GlobalSection(SolutionConfigurationPlatforms) = preSolution
		Debug|Any CPU = Debug|Any CPU
		Release|Any CPU = Release|Any CPU
	EndGlobalSection
	GlobalSection(ProjectConfigurationPlatforms) = postSolution
		{59E372BC-A1E6-4044-BEEA-48D6FAD6A854}.Debug|Any CPU.ActiveCfg = Debug|Any CPU
		{59E372BC-A1E6-4044-BEEA-48D6FAD6A854}.Debug|Any CPU.Build.0 = Debug|Any CPU
		{59E372BC-A1E6-4044-BEEA-48D6FAD6A854}.Release|Any CPU.ActiveCfg = Release|Any CPU
		{59E372BC-A1E6-4044-BEEA-48D6FAD6A854}.Release|Any CPU.Build.0 = Release|Any CPU
		{3E4870EB-7302-404F-B39D-F522CDFE3F0A}.Debug|Any CPU.ActiveCfg = Debug|Any CPU
		{3E4870EB-7302-404F-B39D-F522CDFE3F0A}.Debug|Any CPU.Build.0 = Debug|Any CPU
		{3E4870EB-7302-404F-B39D-F522CDFE3F0A}.Release|Any CPU.ActiveCfg = Release|Any CPU
		{3E4870EB-7302-404F-B39D-F522CDFE3F0A}.Release|Any CPU.Build.0 = Release|Any CPU
	EndGlobalSection
	GlobalSection(SolutionProperties) = preSolution
		HideSolutionNode = FALSE
	EndGlobalSection
	GlobalSection(ExtensibilityGlobals) = postSolution
		SolutionGuid = {5100A40E-B213-4DE1-8D2D-C2E85E2F4CFF}
	EndGlobalSection
EndGlobal
